
Microsoft Visual Studio Solution File, Format Version 12.00
# Visual Studio Version 17
VisualStudioVersion = 17.14.36429.23
MinimumVisualStudioVersion = 10.0.40219.1
Project("{2150E333-8FDC-42A3-9474-1A3956D46DE8}") = "Task0", "Task0", "{02EA681E-C7D8-13C7-8484-4AC65E1B71E8}"
EndProject
Project("{FAE04EC0-301F-11D3-BF4B-00C04F79EFBC}") = "Tyuiu.ZavyalovKA.Sprint5.Task0.V21", "Tyuiu.ZavyalovKA.Sprint5.Task0.V21\Tyuiu.ZavyalovKA.Sprint5.Task0.V21.csproj", "{36B639D4-127D-433A-9841-97C5719165DE}"
EndProject
Project("{FAE04EC0-301F-11D3-BF4B-00C04F79EFBC}") = "Tyuiu.ZavyalovKA.Sprint5.Task0.V21.Lib", "Tyuiu.ZavyalovKA.Sprint5.Task0.V21.Lib\Tyuiu.ZavyalovKA.Sprint5.Task0.V21.Lib.csproj", "{618A6392-8676-4181-A6A3-F42B395583B8}"
EndProject
Project("{FAE04EC0-301F-11D3-BF4B-00C04F79EFBC}") = "Tyuiu.ZavyalovKA.Sprint5.Task0.V21.Test", "Tyuiu.ZavyalovKA.Sprint5.Task0.V21.Test\Tyuiu.ZavyalovKA.Sprint5.Task0.V21.Test.csproj", "{27DF01BD-64FF-4017-B412-A27F4B7B6A2F}"
EndProject
Project("{2150E333-8FDC-42A3-9474-1A3956D46DE8}") = "Task1", "Task1", "{334981A5-2A0B-4D51-AC3F-829BA1B54E9F}"
EndProject
Project("{FAE04EC0-301F-11D3-BF4B-00C04F79EFBC}") = "Tyuiu.ZavyalovKA.Sprint5.Task1.V15", "Tyuiu.ZavyalovKA.Sprint5.Task1.V15\Tyuiu.ZavyalovKA.Sprint5.Task1.V15.csproj", "{88BF6631-6898-4C07-858C-9CEFDE22DAC0}"
EndProject
Project("{FAE04EC0-301F-11D3-BF4B-00C04F79EFBC}") = "Tyuiu.ZavyalovKA.Sprint5.Task1.V15.Lib", "Tyuiu.ZavyalovKA.Sprint5.Task1.V15.Lib\Tyuiu.ZavyalovKA.Sprint5.Task1.V15.Lib.csproj", "{424B1E7A-93F0-4BF8-9F6C-A7870CC45ABE}"
EndProject
Project("{FAE04EC0-301F-11D3-BF4B-00C04F79EFBC}") = "Tyuiu.ZavyalovKA.Sprint5.Task1.V15.Test", "Tyuiu.ZavyalovKA.Sprint5.Task1.V15.Test\Tyuiu.ZavyalovKA.Sprint5.Task1.V15.Test.csproj", "{D7AF7DA9-6EB6-4BBC-AEF8-7D9A7AFAC777}"
EndProject
Project("{2150E333-8FDC-42A3-9474-1A3956D46DE8}") = "Task2", "Task2", "{AE380025-1E7A-4EC7-BF26-93765CD08B67}"
EndProject
Project("{FAE04EC0-301F-11D3-BF4B-00C04F79EFBC}") = "Tyuiu.ZavyalovKA.Sprint5.Task2.V16", "Tyuiu.ZavyalovKA.Sprint5.Task2.V16\Tyuiu.ZavyalovKA.Sprint5.Task2.V16.csproj", "{5B44D9F9-3B23-470D-9C0B-B74A44DBB8D1}"
EndProject
Project("{FAE04EC0-301F-11D3-BF4B-00C04F79EFBC}") = "Tyuiu.ZavyalovKA.Sprint5.Task2.V16.Lib", "Tyuiu.ZavyalovKA.Sprint5.Task2.V16.Lib\Tyuiu.ZavyalovKA.Sprint5.Task2.V16.Lib.csproj", "{60FF4126-987B-484E-B2D1-F2C1368C59AA}"
EndProject
Project("{FAE04EC0-301F-11D3-BF4B-00C04F79EFBC}") = "Tyuiu.ZavyalovKA.Sprint5.Task2.V16.Test", "Tyuiu.ZavyalovKA.Sprint5.Task2.V16.Test\Tyuiu.ZavyalovKA.Sprint5.Task2.V16.Test.csproj", "{6D2AC8E3-3E5A-4B99-9610-A1CFFD53DD16}"
EndProject
Project("{2150E333-8FDC-42A3-9474-1A3956D46DE8}") = "Task3", "Task3", "{D307E76E-D562-47B3-800E-4EF2DB548310}"
EndProject
Project("{FAE04EC0-301F-11D3-BF4B-00C04F79EFBC}") = "Tyuiu.ZavyalovKA.Sprint5.Task3.V11", "Tyuiu.ZavyalovKA.Sprint5.Task3.V11\Tyuiu.ZavyalovKA.Sprint5.Task3.V11.csproj", "{B2FB3A73-EC19-4FFA-9913-24FB1D47C23A}"
EndProject
Project("{FAE04EC0-301F-11D3-BF4B-00C04F79EFBC}") = "Tyuiu.ZavyalovKA.Sprint5.Task3.V11.Lib", "Tyuiu.ZavyalovKA.Sprint5.Task3.V11.Lib\Tyuiu.ZavyalovKA.Sprint5.Task3.V11.Lib.csproj", "{BA66AA13-093D-4570-997A-FCEB83CF77C4}"
EndProject
Project("{FAE04EC0-301F-11D3-BF4B-00C04F79EFBC}") = "Tyuiu.ZavyalovKA.Sprint5.Task3.V11.Test", "Tyuiu.ZavyalovKA.Sprint5.Task3.V11.Test\Tyuiu.ZavyalovKA.Sprint5.Task3.V11.Test.csproj", "{2EF333D9-6BC1-44BA-9288-57DC068235C6}"
EndProject
Project("{2150E333-8FDC-42A3-9474-1A3956D46DE8}") = "Task4", "Task4", "{68CC7767-171F-4D32-80A3-20E8EA55AF21}"
EndProject
Project("{FAE04EC0-301F-11D3-BF4B-00C04F79EFBC}") = "Tyuiu.ZavyalovKA.Sprint5.Task4.V29", "Tyuiu.ZavyalovKA.Sprint5.Task4.V29\Tyuiu.ZavyalovKA.Sprint5.Task4.V29.csproj", "{E2E836E7-4CCD-4E0F-A3A8-89D7F42285AA}"
EndProject
Project("{FAE04EC0-301F-11D3-BF4B-00C04F79EFBC}") = "Tyuiu.ZavyalovKA.Sprint5.Task4.V29.Lib", "Tyuiu.ZavyalovKA.Sprint5.Task4.V29.Lib\Tyuiu.ZavyalovKA.Sprint5.Task4.V29.Lib.csproj", "{8C42A562-BF4A-4E80-A738-1D707E2F0728}"
EndProject
Project("{FAE04EC0-301F-11D3-BF4B-00C04F79EFBC}") = "Tyuiu.ZavyalovKA.Sprint5.Task4.V29.Test", "Tyuiu.ZavyalovKA.Sprint5.Task4.V29.Test\Tyuiu.ZavyalovKA.Sprint5.Task4.V29.Test.csproj", "{7BF2746C-645E-49EB-97C6-B84EB84F6DA5}"
EndProject
Project("{2150E333-8FDC-42A3-9474-1A3956D46DE8}") = "Task5", "Task5", "{45759174-629E-4712-AA0C-8A740301A1EB}"
EndProject
Project("{FAE04EC0-301F-11D3-BF4B-00C04F79EFBC}") = "Tyuiu.ZavyalovKA.Sprint5.Task5.V15", "Tyuiu.ZavyalovKA.Sprint5.Task5.V15\Tyuiu.ZavyalovKA.Sprint5.Task5.V15.csproj", "{17AB31BF-6C34-4EDF-95B6-14794569DD9B}"
EndProject
Project("{FAE04EC0-301F-11D3-BF4B-00C04F79EFBC}") = "Tyuiu.ZavyalovKA.Sprint5.Task5.V15.Lib", "Tyuiu.ZavyalovKA.Sprint5.Task5.V15.Lib\Tyuiu.ZavyalovKA.Sprint5.Task5.V15.Lib.csproj", "{E56D4E01-050B-4332-A800-1EF5FE7C07D9}"
EndProject
Project("{FAE04EC0-301F-11D3-BF4B-00C04F79EFBC}") = "Tyuiu.ZavyalovKA.Sprint5.Task5.V15.Test", "Tyuiu.ZavyalovKA.Sprint5.Task5.V15.Test\Tyuiu.ZavyalovKA.Sprint5.Task5.V15.Test.csproj", "{40AE3CC6-291D-4A29-B6B4-E3A176474DFD}"
EndProject
Project("{2150E333-8FDC-42A3-9474-1A3956D46DE8}") = "Task6", "Task6", "{984A1922-3F72-4E87-AE74-6AB22BE757EE}"
EndProject
Project("{FAE04EC0-301F-11D3-BF4B-00C04F79EFBC}") = "Tyuiu.ZavyalovKA.Sprint5.Task6.V16", "Tyuiu.ZavyalovKA.Sprint5.Task6.V16\Tyuiu.ZavyalovKA.Sprint5.Task6.V16.csproj", "{956B23D1-63EB-4082-BA2E-843A58A0B201}"
EndProject
Project("{FAE04EC0-301F-11D3-BF4B-00C04F79EFBC}") = "Tyuiu.ZavyalovKA.Sprint5.Task6.V16.Lib", "Tyuiu.ZavyalovKA.Sprint5.Task6.V16.Lib\Tyuiu.ZavyalovKA.Sprint5.Task6.V16.Lib.csproj", "{E23BEC5C-47BC-4816-B552-C774F3754879}"
EndProject
Project("{FAE04EC0-301F-11D3-BF4B-00C04F79EFBC}") = "Tyuiu.ZavyalovKA.Sprint5.Task6.V16.Test", "Tyuiu.ZavyalovKA.Sprint5.Task6.V16.Test\Tyuiu.ZavyalovKA.Sprint5.Task6.V16.Test.csproj", "{0332FB60-601E-459F-8EC9-F0E92BF05EEF}"
EndProject
Global
	GlobalSection(SolutionConfigurationPlatforms) = preSolution
		Debug|Any CPU = Debug|Any CPU
		Release|Any CPU = Release|Any CPU
	EndGlobalSection
	GlobalSection(ProjectConfigurationPlatforms) = postSolution
		{36B639D4-127D-433A-9841-97C5719165DE}.Debug|Any CPU.ActiveCfg = Debug|Any CPU
		{36B639D4-127D-433A-9841-97C5719165DE}.Debug|Any CPU.Build.0 = Debug|Any CPU
		{36B639D4-127D-433A-9841-97C5719165DE}.Release|Any CPU.ActiveCfg = Release|Any CPU
		{36B639D4-127D-433A-9841-97C5719165DE}.Release|Any CPU.Build.0 = Release|Any CPU
		{618A6392-8676-4181-A6A3-F42B395583B8}.Debug|Any CPU.ActiveCfg = Debug|Any CPU
		{618A6392-8676-4181-A6A3-F42B395583B8}.Debug|Any CPU.Build.0 = Debug|Any CPU
		{618A6392-8676-4181-A6A3-F42B395583B8}.Release|Any CPU.ActiveCfg = Release|Any CPU
		{618A6392-8676-4181-A6A3-F42B395583B8}.Release|Any CPU.Build.0 = Release|Any CPU
		{27DF01BD-64FF-4017-B412-A27F4B7B6A2F}.Debug|Any CPU.ActiveCfg = Debug|Any CPU
		{27DF01BD-64FF-4017-B412-A27F4B7B6A2F}.Debug|Any CPU.Build.0 = Debug|Any CPU
		{27DF01BD-64FF-4017-B412-A27F4B7B6A2F}.Release|Any CPU.ActiveCfg = Release|Any CPU
		{27DF01BD-64FF-4017-B412-A27F4B7B6A2F}.Release|Any CPU.Build.0 = Release|Any CPU
		{88BF6631-6898-4C07-858C-9CEFDE22DAC0}.Debug|Any CPU.ActiveCfg = Debug|Any CPU
		{88BF6631-6898-4C07-858C-9CEFDE22DAC0}.Debug|Any CPU.Build.0 = Debug|Any CPU
		{88BF6631-6898-4C07-858C-9CEFDE22DAC0}.Release|Any CPU.ActiveCfg = Release|Any CPU
		{88BF6631-6898-4C07-858C-9CEFDE22DAC0}.Release|Any CPU.Build.0 = Release|Any CPU
		{424B1E7A-93F0-4BF8-9F6C-A7870CC45ABE}.Debug|Any CPU.ActiveCfg = Debug|Any CPU
		{424B1E7A-93F0-4BF8-9F6C-A7870CC45ABE}.Debug|Any CPU.Build.0 = Debug|Any CPU
		{424B1E7A-93F0-4BF8-9F6C-A7870CC45ABE}.Release|Any CPU.ActiveCfg = Release|Any CPU
		{424B1E7A-93F0-4BF8-9F6C-A7870CC45ABE}.Release|Any CPU.Build.0 = Release|Any CPU
		{D7AF7DA9-6EB6-4BBC-AEF8-7D9A7AFAC777}.Debug|Any CPU.ActiveCfg = Debug|Any CPU
		{D7AF7DA9-6EB6-4BBC-AEF8-7D9A7AFAC777}.Debug|Any CPU.Build.0 = Debug|Any CPU
		{D7AF7DA9-6EB6-4BBC-AEF8-7D9A7AFAC777}.Release|Any CPU.ActiveCfg = Release|Any CPU
		{D7AF7DA9-6EB6-4BBC-AEF8-7D9A7AFAC777}.Release|Any CPU.Build.0 = Release|Any CPU
		{5B44D9F9-3B23-470D-9C0B-B74A44DBB8D1}.Debug|Any CPU.ActiveCfg = Debug|Any CPU
		{5B44D9F9-3B23-470D-9C0B-B74A44DBB8D1}.Debug|Any CPU.Build.0 = Debug|Any CPU
		{5B44D9F9-3B23-470D-9C0B-B74A44DBB8D1}.Release|Any CPU.ActiveCfg = Release|Any CPU
		{5B44D9F9-3B23-470D-9C0B-B74A44DBB8D1}.Release|Any CPU.Build.0 = Release|Any CPU
		{60FF4126-987B-484E-B2D1-F2C1368C59AA}.Debug|Any CPU.ActiveCfg = Debug|Any CPU
		{60FF4126-987B-484E-B2D1-F2C1368C59AA}.Debug|Any CPU.Build.0 = Debug|Any CPU
		{60FF4126-987B-484E-B2D1-F2C1368C59AA}.Release|Any CPU.ActiveCfg = Release|Any CPU
		{60FF4126-987B-484E-B2D1-F2C1368C59AA}.Release|Any CPU.Build.0 = Release|Any CPU
		{6D2AC8E3-3E5A-4B99-9610-A1CFFD53DD16}.Debug|Any CPU.ActiveCfg = Debug|Any CPU
		{6D2AC8E3-3E5A-4B99-9610-A1CFFD53DD16}.Debug|Any CPU.Build.0 = Debug|Any CPU
		{6D2AC8E3-3E5A-4B99-9610-A1CFFD53DD16}.Release|Any CPU.ActiveCfg = Release|Any CPU
		{6D2AC8E3-3E5A-4B99-9610-A1CFFD53DD16}.Release|Any CPU.Build.0 = Release|Any CPU
		{B2FB3A73-EC19-4FFA-9913-24FB1D47C23A}.Debug|Any CPU.ActiveCfg = Debug|Any CPU
		{B2FB3A73-EC19-4FFA-9913-24FB1D47C23A}.Debug|Any CPU.Build.0 = Debug|Any CPU
		{B2FB3A73-EC19-4FFA-9913-24FB1D47C23A}.Release|Any CPU.ActiveCfg = Release|Any CPU
		{B2FB3A73-EC19-4FFA-9913-24FB1D47C23A}.Release|Any CPU.Build.0 = Release|Any CPU
		{BA66AA13-093D-4570-997A-FCEB83CF77C4}.Debug|Any CPU.ActiveCfg = Debug|Any CPU
		{BA66AA13-093D-4570-997A-FCEB83CF77C4}.Debug|Any CPU.Build.0 = Debug|Any CPU
		{BA66AA13-093D-4570-997A-FCEB83CF77C4}.Release|Any CPU.ActiveCfg = Release|Any CPU
		{BA66AA13-093D-4570-997A-FCEB83CF77C4}.Release|Any CPU.Build.0 = Release|Any CPU
		{2EF333D9-6BC1-44BA-9288-57DC068235C6}.Debug|Any CPU.ActiveCfg = Debug|Any CPU
		{2EF333D9-6BC1-44BA-9288-57DC068235C6}.Debug|Any CPU.Build.0 = Debug|Any CPU
		{2EF333D9-6BC1-44BA-9288-57DC068235C6}.Release|Any CPU.ActiveCfg = Release|Any CPU
		{2EF333D9-6BC1-44BA-9288-57DC068235C6}.Release|Any CPU.Build.0 = Release|Any CPU
		{E2E836E7-4CCD-4E0F-A3A8-89D7F42285AA}.Debug|Any CPU.ActiveCfg = Debug|Any CPU
		{E2E836E7-4CCD-4E0F-A3A8-89D7F42285AA}.Debug|Any CPU.Build.0 = Debug|Any CPU
		{E2E836E7-4CCD-4E0F-A3A8-89D7F42285AA}.Release|Any CPU.ActiveCfg = Release|Any CPU
		{E2E836E7-4CCD-4E0F-A3A8-89D7F42285AA}.Release|Any CPU.Build.0 = Release|Any CPU
		{8C42A562-BF4A-4E80-A738-1D707E2F0728}.Debug|Any CPU.ActiveCfg = Debug|Any CPU
		{8C42A562-BF4A-4E80-A738-1D707E2F0728}.Debug|Any CPU.Build.0 = Debug|Any CPU
		{8C42A562-BF4A-4E80-A738-1D707E2F0728}.Release|Any CPU.ActiveCfg = Release|Any CPU
		{8C42A562-BF4A-4E80-A738-1D707E2F0728}.Release|Any CPU.Build.0 = Release|Any CPU
		{7BF2746C-645E-49EB-97C6-B84EB84F6DA5}.Debug|Any CPU.ActiveCfg = Debug|Any CPU
		{7BF2746C-645E-49EB-97C6-B84EB84F6DA5}.Debug|Any CPU.Build.0 = Debug|Any CPU
		{7BF2746C-645E-49EB-97C6-B84EB84F6DA5}.Release|Any CPU.ActiveCfg = Release|Any CPU
		{7BF2746C-645E-49EB-97C6-B84EB84F6DA5}.Release|Any CPU.Build.0 = Release|Any CPU
		{17AB31BF-6C34-4EDF-95B6-14794569DD9B}.Debug|Any CPU.ActiveCfg = Debug|Any CPU
		{17AB31BF-6C34-4EDF-95B6-14794569DD9B}.Debug|Any CPU.Build.0 = Debug|Any CPU
		{17AB31BF-6C34-4EDF-95B6-14794569DD9B}.Release|Any CPU.ActiveCfg = Release|Any CPU
		{17AB31BF-6C34-4EDF-95B6-14794569DD9B}.Release|Any CPU.Build.0 = Release|Any CPU
		{E56D4E01-050B-4332-A800-1EF5FE7C07D9}.Debug|Any CPU.ActiveCfg = Debug|Any CPU
		{E56D4E01-050B-4332-A800-1EF5FE7C07D9}.Debug|Any CPU.Build.0 = Debug|Any CPU
		{E56D4E01-050B-4332-A800-1EF5FE7C07D9}.Release|Any CPU.ActiveCfg = Release|Any CPU
		{E56D4E01-050B-4332-A800-1EF5FE7C07D9}.Release|Any CPU.Build.0 = Release|Any CPU
		{40AE3CC6-291D-4A29-B6B4-E3A176474DFD}.Debug|Any CPU.ActiveCfg = Debug|Any CPU
		{40AE3CC6-291D-4A29-B6B4-E3A176474DFD}.Debug|Any CPU.Build.0 = Debug|Any CPU
		{40AE3CC6-291D-4A29-B6B4-E3A176474DFD}.Release|Any CPU.ActiveCfg = Release|Any CPU
		{40AE3CC6-291D-4A29-B6B4-E3A176474DFD}.Release|Any CPU.Build.0 = Release|Any CPU
		{956B23D1-63EB-4082-BA2E-843A58A0B201}.Debug|Any CPU.ActiveCfg = Debug|Any CPU
		{956B23D1-63EB-4082-BA2E-843A58A0B201}.Debug|Any CPU.Build.0 = Debug|Any CPU
		{956B23D1-63EB-4082-BA2E-843A58A0B201}.Release|Any CPU.ActiveCfg = Release|Any CPU
		{956B23D1-63EB-4082-BA2E-843A58A0B201}.Release|Any CPU.Build.0 = Release|Any CPU
		{E23BEC5C-47BC-4816-B552-C774F3754879}.Debug|Any CPU.ActiveCfg = Debug|Any CPU
		{E23BEC5C-47BC-4816-B552-C774F3754879}.Debug|Any CPU.Build.0 = Debug|Any CPU
		{E23BEC5C-47BC-4816-B552-C774F3754879}.Release|Any CPU.ActiveCfg = Release|Any CPU
		{E23BEC5C-47BC-4816-B552-C774F3754879}.Release|Any CPU.Build.0 = Release|Any CPU
		{0332FB60-601E-459F-8EC9-F0E92BF05EEF}.Debug|Any CPU.ActiveCfg = Debug|Any CPU
		{0332FB60-601E-459F-8EC9-F0E92BF05EEF}.Debug|Any CPU.Build.0 = Debug|Any CPU
		{0332FB60-601E-459F-8EC9-F0E92BF05EEF}.Release|Any CPU.ActiveCfg = Release|Any CPU
		{0332FB60-601E-459F-8EC9-F0E92BF05EEF}.Release|Any CPU.Build.0 = Release|Any CPU
	EndGlobalSection
	GlobalSection(SolutionProperties) = preSolution
		HideSolutionNode = FALSE
	EndGlobalSection
	GlobalSection(NestedProjects) = preSolution
		{36B639D4-127D-433A-9841-97C5719165DE} = {02EA681E-C7D8-13C7-8484-4AC65E1B71E8}
		{618A6392-8676-4181-A6A3-F42B395583B8} = {02EA681E-C7D8-13C7-8484-4AC65E1B71E8}
		{27DF01BD-64FF-4017-B412-A27F4B7B6A2F} = {02EA681E-C7D8-13C7-8484-4AC65E1B71E8}
		{88BF6631-6898-4C07-858C-9CEFDE22DAC0} = {334981A5-2A0B-4D51-AC3F-829BA1B54E9F}
		{424B1E7A-93F0-4BF8-9F6C-A7870CC45ABE} = {334981A5-2A0B-4D51-AC3F-829BA1B54E9F}
		{D7AF7DA9-6EB6-4BBC-AEF8-7D9A7AFAC777} = {334981A5-2A0B-4D51-AC3F-829BA1B54E9F}
		{5B44D9F9-3B23-470D-9C0B-B74A44DBB8D1} = {AE380025-1E7A-4EC7-BF26-93765CD08B67}
		{60FF4126-987B-484E-B2D1-F2C1368C59AA} = {AE380025-1E7A-4EC7-BF26-93765CD08B67}
		{6D2AC8E3-3E5A-4B99-9610-A1CFFD53DD16} = {AE380025-1E7A-4EC7-BF26-93765CD08B67}
		{B2FB3A73-EC19-4FFA-9913-24FB1D47C23A} = {D307E76E-D562-47B3-800E-4EF2DB548310}
		{BA66AA13-093D-4570-997A-FCEB83CF77C4} = {D307E76E-D562-47B3-800E-4EF2DB548310}
		{2EF333D9-6BC1-44BA-9288-57DC068235C6} = {D307E76E-D562-47B3-800E-4EF2DB548310}
		{E2E836E7-4CCD-4E0F-A3A8-89D7F42285AA} = {68CC7767-171F-4D32-80A3-20E8EA55AF21}
		{8C42A562-BF4A-4E80-A738-1D707E2F0728} = {68CC7767-171F-4D32-80A3-20E8EA55AF21}
		{7BF2746C-645E-49EB-97C6-B84EB84F6DA5} = {68CC7767-171F-4D32-80A3-20E8EA55AF21}
		{17AB31BF-6C34-4EDF-95B6-14794569DD9B} = {45759174-629E-4712-AA0C-8A740301A1EB}
		{E56D4E01-050B-4332-A800-1EF5FE7C07D9} = {45759174-629E-4712-AA0C-8A740301A1EB}
		{40AE3CC6-291D-4A29-B6B4-E3A176474DFD} = {45759174-629E-4712-AA0C-8A740301A1EB}
		{956B23D1-63EB-4082-BA2E-843A58A0B201} = {984A1922-3F72-4E87-AE74-6AB22BE757EE}
		{E23BEC5C-47BC-4816-B552-C774F3754879} = {984A1922-3F72-4E87-AE74-6AB22BE757EE}
		{0332FB60-601E-459F-8EC9-F0E92BF05EEF} = {984A1922-3F72-4E87-AE74-6AB22BE757EE}
	EndGlobalSection
	GlobalSection(ExtensibilityGlobals) = postSolution
		SolutionGuid = {50DFD445-6F91-471C-B25C-9F4F18D1677C}
	EndGlobalSection
EndGlobal
