
Microsoft Visual Studio Solution File, Format Version 12.00
# Visual Studio Version 17
VisualStudioVersion = 17.14.36429.23
MinimumVisualStudioVersion = 10.0.40219.1
Project("{2150E333-8FDC-42A3-9474-1A3956D46DE8}") = "Task0", "Task0", "{02EA681E-C7D8-13C7-8484-4AC65E1B71E8}"
EndProject
Project("{FAE04EC0-301F-11D3-BF4B-00C04F79EFBC}") = "Tyuiu.ZavyalovKA.Sprint5.Task0.V21", "Tyuiu.ZavyalovKA.Sprint5.Task0.V21\Tyuiu.ZavyalovKA.Sprint5.Task0.V21.csproj", "{36B639D4-127D-433A-9841-97C5719165DE}"
EndProject
Project("{FAE04EC0-301F-11D3-BF4B-00C04F79EFBC}") = "Tyuiu.ZavyalovKA.Sprint5.Task0.V21.Lib", "Tyuiu.ZavyalovKA.Sprint5.Task0.V21.Lib\Tyuiu.ZavyalovKA.Sprint5.Task0.V21.Lib.csproj", "{618A6392-8676-4181-A6A3-F42B395583B8}"
EndProject
Project("{FAE04EC0-301F-11D3-BF4B-00C04F79EFBC}") = "Tyuiu.ZavyalovKA.Sprint5.Task0.V21.Test", "Tyuiu.ZavyalovKA.Sprint5.Task0.V21.Test\Tyuiu.ZavyalovKA.Sprint5.Task0.V21.Test.csproj", "{27DF01BD-64FF-4017-B412-A27F4B7B6A2F}"
EndProject
Global
	GlobalSection(SolutionConfigurationPlatforms) = preSolution
		Debug|Any CPU = Debug|Any CPU
		Release|Any CPU = Release|Any CPU
	EndGlobalSection
	GlobalSection(ProjectConfigurationPlatforms) = postSolution
		{36B639D4-127D-433A-9841-97C5719165DE}.Debug|Any CPU.ActiveCfg = Debug|Any CPU
		{36B639D4-127D-433A-9841-97C5719165DE}.Debug|Any CPU.Build.0 = Debug|Any CPU
		{36B639D4-127D-433A-9841-97C5719165DE}.Release|Any CPU.ActiveCfg = Release|Any CPU
		{36B639D4-127D-433A-9841-97C5719165DE}.Release|Any CPU.Build.0 = Release|Any CPU
		{618A6392-8676-4181-A6A3-F42B395583B8}.Debug|Any CPU.ActiveCfg = Debug|Any CPU
		{618A6392-8676-4181-A6A3-F42B395583B8}.Debug|Any CPU.Build.0 = Debug|Any CPU
		{618A6392-8676-4181-A6A3-F42B395583B8}.Release|Any CPU.ActiveCfg = Release|Any CPU
		{618A6392-8676-4181-A6A3-F42B395583B8}.Release|Any CPU.Build.0 = Release|Any CPU
		{27DF01BD-64FF-4017-B412-A27F4B7B6A2F}.Debug|Any CPU.ActiveCfg = Debug|Any CPU
		{27DF01BD-64FF-4017-B412-A27F4B7B6A2F}.Debug|Any CPU.Build.0 = Debug|Any CPU
		{27DF01BD-64FF-4017-B412-A27F4B7B6A2F}.Release|Any CPU.ActiveCfg = Release|Any CPU
		{27DF01BD-64FF-4017-B412-A27F4B7B6A2F}.Release|Any CPU.Build.0 = Release|Any CPU
	EndGlobalSection
	GlobalSection(SolutionProperties) = preSolution
		HideSolutionNode = FALSE
	EndGlobalSection
	GlobalSection(NestedProjects) = preSolution
		{36B639D4-127D-433A-9841-97C5719165DE} = {02EA681E-C7D8-13C7-8484-4AC65E1B71E8}
		{618A6392-8676-4181-A6A3-F42B395583B8} = {02EA681E-C7D8-13C7-8484-4AC65E1B71E8}
		{27DF01BD-64FF-4017-B412-A27F4B7B6A2F} = {02EA681E-C7D8-13C7-8484-4AC65E1B71E8}
	EndGlobalSection
	GlobalSection(ExtensibilityGlobals) = postSolution
		SolutionGuid = {50DFD445-6F91-471C-B25C-9F4F18D1677C}
	EndGlobalSection
EndGlobal
